
Microsoft Visual Studio Solution File, Format Version 12.00
# Visual Studio Version 16
VisualStudioVersion = 16.0.32002.261
MinimumVisualStudioVersion = 10.0.40219.1
Project("{FAE04EC0-301F-11D3-BF4B-00C04F79EFBC}") = "ConsoleAppEFbyDBFirst", "ConsoleAppEFbyDBFirst\ConsoleAppEFbyDBFirst.csproj", "{C248831F-3EDB-418B-84A8-A0ABC99D1973}"
EndProject
Global
	GlobalSection(SolutionConfigurationPlatforms) = preSolution
		Debug|Any CPU = Debug|Any CPU
		Release|Any CPU = Release|Any CPU
	EndGlobalSection
	GlobalSection(ProjectConfigurationPlatforms) = postSolution
		{C248831F-3EDB-418B-84A8-A0ABC99D1973}.Debug|Any CPU.ActiveCfg = Debug|Any CPU
		{C248831F-3EDB-418B-84A8-A0ABC99D1973}.Debug|Any CPU.Build.0 = Debug|Any CPU
		{C248831F-3EDB-418B-84A8-A0ABC99D1973}.Release|Any CPU.ActiveCfg = Release|Any CPU
		{C248831F-3EDB-418B-84A8-A0ABC99D1973}.Release|Any CPU.Build.0 = Release|Any CPU
	EndGlobalSection
	GlobalSection(SolutionProperties) = preSolution
		HideSolutionNode = FALSE
	EndGlobalSection
	GlobalSection(ExtensibilityGlobals) = postSolution
		SolutionGuid = {73AE16D9-677C-467A-AAEB-86CC2FBA8A96}
	EndGlobalSection
EndGlobal
