
Microsoft Visual Studio Solution File, Format Version 12.00
# Visual Studio Version 16
VisualStudioVersion = 16.0.32802.440
MinimumVisualStudioVersion = 10.0.40219.1
Project("{FAE04EC0-301F-11D3-BF4B-00C04F79EFBC}") = "ClassLibraryModelGame", "ClassLibraryModelGame\ClassLibraryModelGame.csproj", "{0CD9B39B-0F5B-437B-B0CF-3D9030198A38}"
EndProject
Project("{FAE04EC0-301F-11D3-BF4B-00C04F79EFBC}") = "ClassLibraryDBContext", "ClassLibraryDBContext\ClassLibraryDBContext.csproj", "{1ACAD712-4248-453E-91AF-FA74D5660465}"
EndProject
Project("{FAE04EC0-301F-11D3-BF4B-00C04F79EFBC}") = "ConsoleAppDB", "ConsoleAppDB\ConsoleAppDB.csproj", "{57690849-2539-4F5A-8E8B-CBEBD65C3E5B}"
EndProject
Global
	GlobalSection(SolutionConfigurationPlatforms) = preSolution
		Debug|Any CPU = Debug|Any CPU
		Release|Any CPU = Release|Any CPU
	EndGlobalSection
	GlobalSection(ProjectConfigurationPlatforms) = postSolution
		{0CD9B39B-0F5B-437B-B0CF-3D9030198A38}.Debug|Any CPU.ActiveCfg = Debug|Any CPU
		{0CD9B39B-0F5B-437B-B0CF-3D9030198A38}.Debug|Any CPU.Build.0 = Debug|Any CPU
		{0CD9B39B-0F5B-437B-B0CF-3D9030198A38}.Release|Any CPU.ActiveCfg = Release|Any CPU
		{0CD9B39B-0F5B-437B-B0CF-3D9030198A38}.Release|Any CPU.Build.0 = Release|Any CPU
		{1ACAD712-4248-453E-91AF-FA74D5660465}.Debug|Any CPU.ActiveCfg = Debug|Any CPU
		{1ACAD712-4248-453E-91AF-FA74D5660465}.Debug|Any CPU.Build.0 = Debug|Any CPU
		{1ACAD712-4248-453E-91AF-FA74D5660465}.Release|Any CPU.ActiveCfg = Release|Any CPU
		{1ACAD712-4248-453E-91AF-FA74D5660465}.Release|Any CPU.Build.0 = Release|Any CPU
		{57690849-2539-4F5A-8E8B-CBEBD65C3E5B}.Debug|Any CPU.ActiveCfg = Debug|Any CPU
		{57690849-2539-4F5A-8E8B-CBEBD65C3E5B}.Debug|Any CPU.Build.0 = Debug|Any CPU
		{57690849-2539-4F5A-8E8B-CBEBD65C3E5B}.Release|Any CPU.ActiveCfg = Release|Any CPU
		{57690849-2539-4F5A-8E8B-CBEBD65C3E5B}.Release|Any CPU.Build.0 = Release|Any CPU
	EndGlobalSection
	GlobalSection(SolutionProperties) = preSolution
		HideSolutionNode = FALSE
	EndGlobalSection
	GlobalSection(ExtensibilityGlobals) = postSolution
		SolutionGuid = {1CEE0DFC-70FD-477E-8112-FF87D313CBA9}
	EndGlobalSection
EndGlobal
