
Microsoft Visual Studio Solution File, Format Version 12.00
# Visual Studio Version 16
VisualStudioVersion = 16.0.32802.440
MinimumVisualStudioVersion = 10.0.40219.1
Project("{FAE04EC0-301F-11D3-BF4B-00C04F79EFBC}") = "ADO_NET_Storage", "ADO_NET_Storage\ADO_NET_Storage.csproj", "{ED173A2B-3A3E-4BD4-B712-DAC4263F5379}"
EndProject
Global
	GlobalSection(SolutionConfigurationPlatforms) = preSolution
		Debug|Any CPU = Debug|Any CPU
		Release|Any CPU = Release|Any CPU
	EndGlobalSection
	GlobalSection(ProjectConfigurationPlatforms) = postSolution
		{ED173A2B-3A3E-4BD4-B712-DAC4263F5379}.Debug|Any CPU.ActiveCfg = Debug|Any CPU
		{ED173A2B-3A3E-4BD4-B712-DAC4263F5379}.Debug|Any CPU.Build.0 = Debug|Any CPU
		{ED173A2B-3A3E-4BD4-B712-DAC4263F5379}.Release|Any CPU.ActiveCfg = Release|Any CPU
		{ED173A2B-3A3E-4BD4-B712-DAC4263F5379}.Release|Any CPU.Build.0 = Release|Any CPU
	EndGlobalSection
	GlobalSection(SolutionProperties) = preSolution
		HideSolutionNode = FALSE
	EndGlobalSection
	GlobalSection(ExtensibilityGlobals) = postSolution
		SolutionGuid = {EB431632-FAF8-41A0-B23B-0F5F0A574949}
	EndGlobalSection
EndGlobal
